
Microsoft Visual Studio Solution File, Format Version 12.00
Project("{FAE04EC0-301F-11D3-BF4B-00C04F79EFBC}") = "CSR", "CSR\CSR.csproj", "{C15567CA-9C26-44E6-A464-71DAB043215A}"
EndProject
Project("{2150E333-8FDC-42A3-9474-1A3956D46DE8}") = "X.509", "X.509", "{AD336958-C284-4C2F-8A0F-E45905835C47}"
EndProject
Project("{2150E333-8FDC-42A3-9474-1A3956D46DE8}") = "Tests", "Tests", "{2D4475FE-42BD-490E-A92E-29B4925AC633}"
EndProject
Project("{FAE04EC0-301F-11D3-BF4B-00C04F79EFBC}") = "Tests", "Tests\Tests.csproj", "{11197443-5D4C-447E-8874-C52B6EE9CEBC}"
EndProject
Project("{FAE04EC0-301F-11D3-BF4B-00C04F79EFBC}") = "Certificate", "Certificate\Certificate.csproj", "{2BA662C5-E466-4C50-A8A4-5D6D66AC9E92}"
EndProject
Project("{FAE04EC0-301F-11D3-BF4B-00C04F79EFBC}") = "CertificateAuthority", "CertificateAuthority\CertificateAuthority.csproj", "{56B4C6EA-4D7D-4981-B207-4D11A2DCAA4E}"
EndProject
Project("{FAE04EC0-301F-11D3-BF4B-00C04F79EFBC}") = "CertificateStorage", "CertificateStorage\CertificateStorage.csproj", "{4AF98C2B-1959-4414-A1E1-10DDB8F59159}"
EndProject
Project("{FAE04EC0-301F-11D3-BF4B-00C04F79EFBC}") = "RegistrationAuthority", "RegistrationAuthority\RegistrationAuthority.csproj", "{F8B76BFA-D84E-47AA-9930-62E377593D5C}"
EndProject
Project("{FAE04EC0-301F-11D3-BF4B-00C04F79EFBC}") = "CsrStorage", "CsrStorage\CsrStorage.csproj", "{6FC8914D-F94B-4AEE-A123-5ACF819DF0E8}"
EndProject
Project("{FAE04EC0-301F-11D3-BF4B-00C04F79EFBC}") = "CsrProcessor", "CsrProcessor\CsrProcessor.csproj", "{1EE0B49D-35A7-4BFC-B570-CE492BFB6DFC}"
EndProject
Project("{FAE04EC0-301F-11D3-BF4B-00C04F79EFBC}") = "Shared", "Shared\Shared.csproj", "{DE64C439-C3F6-4725-8D28-4AE66C400EE2}"
EndProject
Project("{FAE04EC0-301F-11D3-BF4B-00C04F79EFBC}") = "UserManagement", "UserManagement\UserManagement.csproj", "{F0E88D80-D743-4EE5-9146-289CF05F58BE}"
EndProject
Global
	GlobalSection(SolutionConfigurationPlatforms) = preSolution
		Debug|Any CPU = Debug|Any CPU
		Release|Any CPU = Release|Any CPU
	EndGlobalSection
	GlobalSection(ProjectConfigurationPlatforms) = postSolution
		{C15567CA-9C26-44E6-A464-71DAB043215A}.Debug|Any CPU.ActiveCfg = Debug|Any CPU
		{C15567CA-9C26-44E6-A464-71DAB043215A}.Debug|Any CPU.Build.0 = Debug|Any CPU
		{C15567CA-9C26-44E6-A464-71DAB043215A}.Release|Any CPU.ActiveCfg = Release|Any CPU
		{C15567CA-9C26-44E6-A464-71DAB043215A}.Release|Any CPU.Build.0 = Release|Any CPU
		{11197443-5D4C-447E-8874-C52B6EE9CEBC}.Debug|Any CPU.ActiveCfg = Debug|Any CPU
		{11197443-5D4C-447E-8874-C52B6EE9CEBC}.Debug|Any CPU.Build.0 = Debug|Any CPU
		{11197443-5D4C-447E-8874-C52B6EE9CEBC}.Release|Any CPU.ActiveCfg = Release|Any CPU
		{11197443-5D4C-447E-8874-C52B6EE9CEBC}.Release|Any CPU.Build.0 = Release|Any CPU
		{2BA662C5-E466-4C50-A8A4-5D6D66AC9E92}.Debug|Any CPU.ActiveCfg = Debug|Any CPU
		{2BA662C5-E466-4C50-A8A4-5D6D66AC9E92}.Debug|Any CPU.Build.0 = Debug|Any CPU
		{2BA662C5-E466-4C50-A8A4-5D6D66AC9E92}.Release|Any CPU.ActiveCfg = Release|Any CPU
		{2BA662C5-E466-4C50-A8A4-5D6D66AC9E92}.Release|Any CPU.Build.0 = Release|Any CPU
		{56B4C6EA-4D7D-4981-B207-4D11A2DCAA4E}.Debug|Any CPU.ActiveCfg = Debug|Any CPU
		{56B4C6EA-4D7D-4981-B207-4D11A2DCAA4E}.Debug|Any CPU.Build.0 = Debug|Any CPU
		{56B4C6EA-4D7D-4981-B207-4D11A2DCAA4E}.Release|Any CPU.ActiveCfg = Release|Any CPU
		{56B4C6EA-4D7D-4981-B207-4D11A2DCAA4E}.Release|Any CPU.Build.0 = Release|Any CPU
		{4AF98C2B-1959-4414-A1E1-10DDB8F59159}.Debug|Any CPU.ActiveCfg = Debug|Any CPU
		{4AF98C2B-1959-4414-A1E1-10DDB8F59159}.Debug|Any CPU.Build.0 = Debug|Any CPU
		{4AF98C2B-1959-4414-A1E1-10DDB8F59159}.Release|Any CPU.ActiveCfg = Release|Any CPU
		{4AF98C2B-1959-4414-A1E1-10DDB8F59159}.Release|Any CPU.Build.0 = Release|Any CPU
		{F8B76BFA-D84E-47AA-9930-62E377593D5C}.Debug|Any CPU.ActiveCfg = Debug|Any CPU
		{F8B76BFA-D84E-47AA-9930-62E377593D5C}.Debug|Any CPU.Build.0 = Debug|Any CPU
		{F8B76BFA-D84E-47AA-9930-62E377593D5C}.Release|Any CPU.ActiveCfg = Release|Any CPU
		{F8B76BFA-D84E-47AA-9930-62E377593D5C}.Release|Any CPU.Build.0 = Release|Any CPU
		{6FC8914D-F94B-4AEE-A123-5ACF819DF0E8}.Debug|Any CPU.ActiveCfg = Debug|Any CPU
		{6FC8914D-F94B-4AEE-A123-5ACF819DF0E8}.Debug|Any CPU.Build.0 = Debug|Any CPU
		{6FC8914D-F94B-4AEE-A123-5ACF819DF0E8}.Release|Any CPU.ActiveCfg = Release|Any CPU
		{6FC8914D-F94B-4AEE-A123-5ACF819DF0E8}.Release|Any CPU.Build.0 = Release|Any CPU
		{1EE0B49D-35A7-4BFC-B570-CE492BFB6DFC}.Debug|Any CPU.ActiveCfg = Debug|Any CPU
		{1EE0B49D-35A7-4BFC-B570-CE492BFB6DFC}.Debug|Any CPU.Build.0 = Debug|Any CPU
		{1EE0B49D-35A7-4BFC-B570-CE492BFB6DFC}.Release|Any CPU.ActiveCfg = Release|Any CPU
		{1EE0B49D-35A7-4BFC-B570-CE492BFB6DFC}.Release|Any CPU.Build.0 = Release|Any CPU
		{DE64C439-C3F6-4725-8D28-4AE66C400EE2}.Debug|Any CPU.ActiveCfg = Debug|Any CPU
		{DE64C439-C3F6-4725-8D28-4AE66C400EE2}.Debug|Any CPU.Build.0 = Debug|Any CPU
		{DE64C439-C3F6-4725-8D28-4AE66C400EE2}.Release|Any CPU.ActiveCfg = Release|Any CPU
		{DE64C439-C3F6-4725-8D28-4AE66C400EE2}.Release|Any CPU.Build.0 = Release|Any CPU
		{F0E88D80-D743-4EE5-9146-289CF05F58BE}.Debug|Any CPU.ActiveCfg = Debug|Any CPU
		{F0E88D80-D743-4EE5-9146-289CF05F58BE}.Debug|Any CPU.Build.0 = Debug|Any CPU
		{F0E88D80-D743-4EE5-9146-289CF05F58BE}.Release|Any CPU.ActiveCfg = Release|Any CPU
		{F0E88D80-D743-4EE5-9146-289CF05F58BE}.Release|Any CPU.Build.0 = Release|Any CPU
	EndGlobalSection
	GlobalSection(NestedProjects) = preSolution
		{C15567CA-9C26-44E6-A464-71DAB043215A} = {AD336958-C284-4C2F-8A0F-E45905835C47}
		{11197443-5D4C-447E-8874-C52B6EE9CEBC} = {2D4475FE-42BD-490E-A92E-29B4925AC633}
		{2BA662C5-E466-4C50-A8A4-5D6D66AC9E92} = {AD336958-C284-4C2F-8A0F-E45905835C47}
	EndGlobalSection
EndGlobal
